
Microsoft Visual Studio Solution File, Format Version 12.00
# Visual Studio 15
VisualStudioVersion = 15.0.27004.2005
MinimumVisualStudioVersion = 10.0.40219.1
Project("{FAE04EC0-301F-11D3-BF4B-00C04F79EFBC}") = "NGL", "NGL\NGL.csproj", "{EB6A4CDC-FA1A-4F64-ABC6-5D4E5C22177F}"
EndProject
Global
	GlobalSection(SolutionConfigurationPlatforms) = preSolution
		Debug|Any CPU = Debug|Any CPU
		Release|Any CPU = Release|Any CPU
	EndGlobalSection
	GlobalSection(ProjectConfigurationPlatforms) = postSolution
		{EB6A4CDC-FA1A-4F64-ABC6-5D4E5C22177F}.Debug|Any CPU.ActiveCfg = Debug|Any CPU
		{EB6A4CDC-FA1A-4F64-ABC6-5D4E5C22177F}.Debug|Any CPU.Build.0 = Debug|Any CPU
		{EB6A4CDC-FA1A-4F64-ABC6-5D4E5C22177F}.Release|Any CPU.ActiveCfg = Release|Any CPU
		{EB6A4CDC-FA1A-4F64-ABC6-5D4E5C22177F}.Release|Any CPU.Build.0 = Release|Any CPU
	EndGlobalSection
	GlobalSection(SolutionProperties) = preSolution
		HideSolutionNode = FALSE
	EndGlobalSection
	GlobalSection(ExtensibilityGlobals) = postSolution
		SolutionGuid = {18F33952-E68C-412D-9AFC-7AF851A5853C}
	EndGlobalSection
EndGlobal
